
Microsoft Visual Studio Solution File, Format Version 12.00
# Visual Studio 15
VisualStudioVersion = 15.0.27130.2020
MinimumVisualStudioVersion = 10.0.40219.1
Project("{FAE04EC0-301F-11D3-BF4B-00C04F79EFBC}") = "ReflectionFactory", "ReflectionFactory\ReflectionFactory.csproj", "{9011E4E6-B5AC-4B2B-A0F5-058038F8FB3B}"
EndProject
Global
	GlobalSection(SolutionConfigurationPlatforms) = preSolution
		Debug|Any CPU = Debug|Any CPU
		Release|Any CPU = Release|Any CPU
	EndGlobalSection
	GlobalSection(ProjectConfigurationPlatforms) = postSolution
		{9011E4E6-B5AC-4B2B-A0F5-058038F8FB3B}.Debug|Any CPU.ActiveCfg = Debug|Any CPU
		{9011E4E6-B5AC-4B2B-A0F5-058038F8FB3B}.Debug|Any CPU.Build.0 = Debug|Any CPU
		{9011E4E6-B5AC-4B2B-A0F5-058038F8FB3B}.Release|Any CPU.ActiveCfg = Release|Any CPU
		{9011E4E6-B5AC-4B2B-A0F5-058038F8FB3B}.Release|Any CPU.Build.0 = Release|Any CPU
	EndGlobalSection
	GlobalSection(SolutionProperties) = preSolution
		HideSolutionNode = FALSE
	EndGlobalSection
	GlobalSection(ExtensibilityGlobals) = postSolution
		SolutionGuid = {E9E43928-EFEA-4608-9109-CB994E170373}
	EndGlobalSection
EndGlobal
