
Microsoft Visual Studio Solution File, Format Version 12.00
# Visual Studio 15
VisualStudioVersion = 15.0.27130.2020
MinimumVisualStudioVersion = 10.0.40219.1
Project("{FAE04EC0-301F-11D3-BF4B-00C04F79EFBC}") = "EnginesAndIgnitions", "EnginesAndIgnitions\EnginesAndIgnitions.csproj", "{C61B4613-E7CB-4DE2-9650-1FD6BB607507}"
EndProject
Global
	GlobalSection(SolutionConfigurationPlatforms) = preSolution
		Debug|Any CPU = Debug|Any CPU
		Release|Any CPU = Release|Any CPU
	EndGlobalSection
	GlobalSection(ProjectConfigurationPlatforms) = postSolution
		{C61B4613-E7CB-4DE2-9650-1FD6BB607507}.Debug|Any CPU.ActiveCfg = Debug|Any CPU
		{C61B4613-E7CB-4DE2-9650-1FD6BB607507}.Debug|Any CPU.Build.0 = Debug|Any CPU
		{C61B4613-E7CB-4DE2-9650-1FD6BB607507}.Release|Any CPU.ActiveCfg = Release|Any CPU
		{C61B4613-E7CB-4DE2-9650-1FD6BB607507}.Release|Any CPU.Build.0 = Release|Any CPU
	EndGlobalSection
	GlobalSection(SolutionProperties) = preSolution
		HideSolutionNode = FALSE
	EndGlobalSection
	GlobalSection(ExtensibilityGlobals) = postSolution
		SolutionGuid = {4AE17DD1-8914-48DE-AE60-4CF9138E5B50}
	EndGlobalSection
EndGlobal
