
Microsoft Visual Studio Solution File, Format Version 12.00
# Visual Studio 15
VisualStudioVersion = 15.0.27130.2020
MinimumVisualStudioVersion = 10.0.40219.1
Project("{FAE04EC0-301F-11D3-BF4B-00C04F79EFBC}") = "1 - Animal Factory", "1 - Animal Factory\1 - Animal Factory.csproj", "{44863CCA-2D93-4B10-B0FB-0958336D8253}"
EndProject
Project("{FAE04EC0-301F-11D3-BF4B-00C04F79EFBC}") = "2 - Null Object", "2 - Null Object\2 - Null Object.csproj", "{21048782-AC46-4548-9B1F-A955A1DE5CFD}"
EndProject
Project("{FAE04EC0-301F-11D3-BF4B-00C04F79EFBC}") = "3 - Null Object Concrete Hidden", "3 - Null Object Concrete Hidden\3 - Null Object Concrete Hidden.csproj", "{B77B7461-7438-450F-9CF6-250ADFBE357F}"
EndProject
Project("{FAE04EC0-301F-11D3-BF4B-00C04F79EFBC}") = "4 - Unit Test Examples", "4 - Unit Test Examples\4 - Unit Test Examples.csproj", "{B5E16860-007F-4B7E-86C8-A8598FDD6F53}"
EndProject
Project("{FAE04EC0-301F-11D3-BF4B-00C04F79EFBC}") = "Bank.Test", "Bank.Test\Bank.Test.csproj", "{84DC5C8D-58C4-44CD-8D98-CDC4F7FE69B3}"
EndProject
Global
	GlobalSection(SolutionConfigurationPlatforms) = preSolution
		Debug|Any CPU = Debug|Any CPU
		Release|Any CPU = Release|Any CPU
	EndGlobalSection
	GlobalSection(ProjectConfigurationPlatforms) = postSolution
		{44863CCA-2D93-4B10-B0FB-0958336D8253}.Debug|Any CPU.ActiveCfg = Debug|Any CPU
		{44863CCA-2D93-4B10-B0FB-0958336D8253}.Debug|Any CPU.Build.0 = Debug|Any CPU
		{44863CCA-2D93-4B10-B0FB-0958336D8253}.Release|Any CPU.ActiveCfg = Release|Any CPU
		{44863CCA-2D93-4B10-B0FB-0958336D8253}.Release|Any CPU.Build.0 = Release|Any CPU
		{21048782-AC46-4548-9B1F-A955A1DE5CFD}.Debug|Any CPU.ActiveCfg = Debug|Any CPU
		{21048782-AC46-4548-9B1F-A955A1DE5CFD}.Debug|Any CPU.Build.0 = Debug|Any CPU
		{21048782-AC46-4548-9B1F-A955A1DE5CFD}.Release|Any CPU.ActiveCfg = Release|Any CPU
		{21048782-AC46-4548-9B1F-A955A1DE5CFD}.Release|Any CPU.Build.0 = Release|Any CPU
		{B77B7461-7438-450F-9CF6-250ADFBE357F}.Debug|Any CPU.ActiveCfg = Debug|Any CPU
		{B77B7461-7438-450F-9CF6-250ADFBE357F}.Debug|Any CPU.Build.0 = Debug|Any CPU
		{B77B7461-7438-450F-9CF6-250ADFBE357F}.Release|Any CPU.ActiveCfg = Release|Any CPU
		{B77B7461-7438-450F-9CF6-250ADFBE357F}.Release|Any CPU.Build.0 = Release|Any CPU
		{B5E16860-007F-4B7E-86C8-A8598FDD6F53}.Debug|Any CPU.ActiveCfg = Debug|Any CPU
		{B5E16860-007F-4B7E-86C8-A8598FDD6F53}.Debug|Any CPU.Build.0 = Debug|Any CPU
		{B5E16860-007F-4B7E-86C8-A8598FDD6F53}.Release|Any CPU.ActiveCfg = Release|Any CPU
		{B5E16860-007F-4B7E-86C8-A8598FDD6F53}.Release|Any CPU.Build.0 = Release|Any CPU
		{84DC5C8D-58C4-44CD-8D98-CDC4F7FE69B3}.Debug|Any CPU.ActiveCfg = Debug|Any CPU
		{84DC5C8D-58C4-44CD-8D98-CDC4F7FE69B3}.Debug|Any CPU.Build.0 = Debug|Any CPU
		{84DC5C8D-58C4-44CD-8D98-CDC4F7FE69B3}.Release|Any CPU.ActiveCfg = Release|Any CPU
		{84DC5C8D-58C4-44CD-8D98-CDC4F7FE69B3}.Release|Any CPU.Build.0 = Release|Any CPU
	EndGlobalSection
	GlobalSection(SolutionProperties) = preSolution
		HideSolutionNode = FALSE
	EndGlobalSection
	GlobalSection(ExtensibilityGlobals) = postSolution
		SolutionGuid = {52759FE7-EAD4-47F9-9007-4247AF69A9B7}
	EndGlobalSection
EndGlobal
