
Microsoft Visual Studio Solution File, Format Version 12.00
# Visual Studio 15
VisualStudioVersion = 15.0.27004.2009
MinimumVisualStudioVersion = 10.0.40219.1
Project("{FAE04EC0-301F-11D3-BF4B-00C04F79EFBC}") = "ProfilingWithDecorators", "ProfilingWithDecorators\ProfilingWithDecorators.csproj", "{65A8B2C0-716B-430C-AFD4-BB9314BBB2EB}"
EndProject
Project("{FAE04EC0-301F-11D3-BF4B-00C04F79EFBC}") = "Library", "Library\Library.csproj", "{3F7C973E-5A01-4221-A0EE-5A23D884B163}"
EndProject
Global
	GlobalSection(SolutionConfigurationPlatforms) = preSolution
		Debug|Any CPU = Debug|Any CPU
		Release|Any CPU = Release|Any CPU
	EndGlobalSection
	GlobalSection(ProjectConfigurationPlatforms) = postSolution
		{65A8B2C0-716B-430C-AFD4-BB9314BBB2EB}.Debug|Any CPU.ActiveCfg = Debug|Any CPU
		{65A8B2C0-716B-430C-AFD4-BB9314BBB2EB}.Debug|Any CPU.Build.0 = Debug|Any CPU
		{65A8B2C0-716B-430C-AFD4-BB9314BBB2EB}.Release|Any CPU.ActiveCfg = Release|Any CPU
		{65A8B2C0-716B-430C-AFD4-BB9314BBB2EB}.Release|Any CPU.Build.0 = Release|Any CPU
		{3F7C973E-5A01-4221-A0EE-5A23D884B163}.Debug|Any CPU.ActiveCfg = Debug|Any CPU
		{3F7C973E-5A01-4221-A0EE-5A23D884B163}.Debug|Any CPU.Build.0 = Debug|Any CPU
		{3F7C973E-5A01-4221-A0EE-5A23D884B163}.Release|Any CPU.ActiveCfg = Release|Any CPU
		{3F7C973E-5A01-4221-A0EE-5A23D884B163}.Release|Any CPU.Build.0 = Release|Any CPU
	EndGlobalSection
	GlobalSection(SolutionProperties) = preSolution
		HideSolutionNode = FALSE
	EndGlobalSection
	GlobalSection(ExtensibilityGlobals) = postSolution
		SolutionGuid = {E070D40D-EED6-458F-BD45-37E542D60CF6}
	EndGlobalSection
EndGlobal
