
Microsoft Visual Studio Solution File, Format Version 12.00
# Visual Studio 15
VisualStudioVersion = 15.0.28010.2016
MinimumVisualStudioVersion = 10.0.40219.1
Project("{FAE04EC0-301F-11D3-BF4B-00C04F79EFBC}") = "Data", "Data\Data.csproj", "{75F3B986-B578-4151-B61D-521491BB4492}"
EndProject
Project("{FAE04EC0-301F-11D3-BF4B-00C04F79EFBC}") = "Data.EF", "Data.EF\Data.EF.csproj", "{54E9534A-6024-4C83-934F-DB20C37AE5DC}"
EndProject
Project("{FAE04EC0-301F-11D3-BF4B-00C04F79EFBC}") = "0 - No Repository", "0 - No Repository\0 - No Repository.csproj", "{5F7FC402-D1CD-4AFC-B055-D5A9AD78700E}"
EndProject
Project("{FAE04EC0-301F-11D3-BF4B-00C04F79EFBC}") = "1 - Simple Repository", "1 - Simple Repository\1 - Simple Repository.csproj", "{AC902AAB-8DBC-4833-B215-EA7333142CE3}"
EndProject
Project("{FAE04EC0-301F-11D3-BF4B-00C04F79EFBC}") = "2 - Queryable Repository", "2 - Queryable Repository\2 - Queryable Repository.csproj", "{37B821C4-9657-4A42-82EF-E911EB706FCE}"
EndProject
Project("{FAE04EC0-301F-11D3-BF4B-00C04F79EFBC}") = "3 - Generic Repository Interface", "3 - Generic Repository Interface\3 - Generic Repository Interface.csproj", "{B0CE6D3F-93ED-4165-AD8C-319A4A6B4B0C}"
EndProject
Project("{FAE04EC0-301F-11D3-BF4B-00C04F79EFBC}") = "4 - Generic Repository Implementation", "4 - Generic Repository Implementation\4 - Generic Repository Implementation.csproj", "{63C6B44A-5CD4-4CAE-907C-5E42E4646E38}"
EndProject
Global
	GlobalSection(SolutionConfigurationPlatforms) = preSolution
		Debug|Any CPU = Debug|Any CPU
		Release|Any CPU = Release|Any CPU
	EndGlobalSection
	GlobalSection(ProjectConfigurationPlatforms) = postSolution
		{75F3B986-B578-4151-B61D-521491BB4492}.Debug|Any CPU.ActiveCfg = Debug|Any CPU
		{75F3B986-B578-4151-B61D-521491BB4492}.Debug|Any CPU.Build.0 = Debug|Any CPU
		{75F3B986-B578-4151-B61D-521491BB4492}.Release|Any CPU.ActiveCfg = Release|Any CPU
		{75F3B986-B578-4151-B61D-521491BB4492}.Release|Any CPU.Build.0 = Release|Any CPU
		{54E9534A-6024-4C83-934F-DB20C37AE5DC}.Debug|Any CPU.ActiveCfg = Debug|Any CPU
		{54E9534A-6024-4C83-934F-DB20C37AE5DC}.Debug|Any CPU.Build.0 = Debug|Any CPU
		{54E9534A-6024-4C83-934F-DB20C37AE5DC}.Release|Any CPU.ActiveCfg = Release|Any CPU
		{54E9534A-6024-4C83-934F-DB20C37AE5DC}.Release|Any CPU.Build.0 = Release|Any CPU
		{5F7FC402-D1CD-4AFC-B055-D5A9AD78700E}.Debug|Any CPU.ActiveCfg = Debug|Any CPU
		{5F7FC402-D1CD-4AFC-B055-D5A9AD78700E}.Debug|Any CPU.Build.0 = Debug|Any CPU
		{5F7FC402-D1CD-4AFC-B055-D5A9AD78700E}.Release|Any CPU.ActiveCfg = Release|Any CPU
		{5F7FC402-D1CD-4AFC-B055-D5A9AD78700E}.Release|Any CPU.Build.0 = Release|Any CPU
		{AC902AAB-8DBC-4833-B215-EA7333142CE3}.Debug|Any CPU.ActiveCfg = Debug|Any CPU
		{AC902AAB-8DBC-4833-B215-EA7333142CE3}.Debug|Any CPU.Build.0 = Debug|Any CPU
		{AC902AAB-8DBC-4833-B215-EA7333142CE3}.Release|Any CPU.ActiveCfg = Release|Any CPU
		{AC902AAB-8DBC-4833-B215-EA7333142CE3}.Release|Any CPU.Build.0 = Release|Any CPU
		{37B821C4-9657-4A42-82EF-E911EB706FCE}.Debug|Any CPU.ActiveCfg = Debug|Any CPU
		{37B821C4-9657-4A42-82EF-E911EB706FCE}.Debug|Any CPU.Build.0 = Debug|Any CPU
		{37B821C4-9657-4A42-82EF-E911EB706FCE}.Release|Any CPU.ActiveCfg = Release|Any CPU
		{37B821C4-9657-4A42-82EF-E911EB706FCE}.Release|Any CPU.Build.0 = Release|Any CPU
		{B0CE6D3F-93ED-4165-AD8C-319A4A6B4B0C}.Debug|Any CPU.ActiveCfg = Debug|Any CPU
		{B0CE6D3F-93ED-4165-AD8C-319A4A6B4B0C}.Debug|Any CPU.Build.0 = Debug|Any CPU
		{B0CE6D3F-93ED-4165-AD8C-319A4A6B4B0C}.Release|Any CPU.ActiveCfg = Release|Any CPU
		{B0CE6D3F-93ED-4165-AD8C-319A4A6B4B0C}.Release|Any CPU.Build.0 = Release|Any CPU
		{63C6B44A-5CD4-4CAE-907C-5E42E4646E38}.Debug|Any CPU.ActiveCfg = Debug|Any CPU
		{63C6B44A-5CD4-4CAE-907C-5E42E4646E38}.Debug|Any CPU.Build.0 = Debug|Any CPU
		{63C6B44A-5CD4-4CAE-907C-5E42E4646E38}.Release|Any CPU.ActiveCfg = Release|Any CPU
		{63C6B44A-5CD4-4CAE-907C-5E42E4646E38}.Release|Any CPU.Build.0 = Release|Any CPU
	EndGlobalSection
	GlobalSection(SolutionProperties) = preSolution
		HideSolutionNode = FALSE
	EndGlobalSection
	GlobalSection(ExtensibilityGlobals) = postSolution
		SolutionGuid = {10B95EE4-1E43-452C-9881-E0BA8CA8DB88}
	EndGlobalSection
EndGlobal
