
Microsoft Visual Studio Solution File, Format Version 12.00
# Visual Studio 15
VisualStudioVersion = 15.0.27130.2020
MinimumVisualStudioVersion = 10.0.40219.1
Project("{9A19103F-16F7-4668-BE54-9A1E7A4F7556}") = "1 - FileWriter", "1 - FileWriter\1 - FileWriter.csproj", "{F6926DB8-3FC0-4FBD-B3C1-688F9F7024EB}"
EndProject
Project("{9A19103F-16F7-4668-BE54-9A1E7A4F7556}") = "2 - Very Basic Dispose Pattern", "2 - Very Basic Dispose Pattern\2 - Very Basic Dispose Pattern.csproj", "{97B7C654-FA8D-4665-9FCB-CAFEDB27E6A0}"
EndProject
Project("{FAE04EC0-301F-11D3-BF4B-00C04F79EFBC}") = "3 - Basic Dispose Pattern", "3 - Basic Dispose Pattern\3 - Basic Dispose Pattern.csproj", "{F9B563DC-F17F-498B-BC29-DB9FDB808008}"
EndProject
Project("{FAE04EC0-301F-11D3-BF4B-00C04F79EFBC}") = "4 - Dispose Pattern", "4 - Dispose Pattern\4 - Dispose Pattern.csproj", "{952E29B1-2269-4FCF-8160-07830770E088}"
EndProject
Project("{FAE04EC0-301F-11D3-BF4B-00C04F79EFBC}") = "A - When does GC Occur", "A - When does GC Occur\A - When does GC Occur.csproj", "{725867D4-D170-4A1A-A419-4B1550381688}"
EndProject
Global
	GlobalSection(SolutionConfigurationPlatforms) = preSolution
		Debug|Any CPU = Debug|Any CPU
		Release|Any CPU = Release|Any CPU
	EndGlobalSection
	GlobalSection(ProjectConfigurationPlatforms) = postSolution
		{F6926DB8-3FC0-4FBD-B3C1-688F9F7024EB}.Debug|Any CPU.ActiveCfg = Debug|Any CPU
		{F6926DB8-3FC0-4FBD-B3C1-688F9F7024EB}.Debug|Any CPU.Build.0 = Debug|Any CPU
		{F6926DB8-3FC0-4FBD-B3C1-688F9F7024EB}.Release|Any CPU.ActiveCfg = Release|Any CPU
		{F6926DB8-3FC0-4FBD-B3C1-688F9F7024EB}.Release|Any CPU.Build.0 = Release|Any CPU
		{97B7C654-FA8D-4665-9FCB-CAFEDB27E6A0}.Debug|Any CPU.ActiveCfg = Debug|Any CPU
		{97B7C654-FA8D-4665-9FCB-CAFEDB27E6A0}.Debug|Any CPU.Build.0 = Debug|Any CPU
		{97B7C654-FA8D-4665-9FCB-CAFEDB27E6A0}.Release|Any CPU.ActiveCfg = Release|Any CPU
		{97B7C654-FA8D-4665-9FCB-CAFEDB27E6A0}.Release|Any CPU.Build.0 = Release|Any CPU
		{F9B563DC-F17F-498B-BC29-DB9FDB808008}.Debug|Any CPU.ActiveCfg = Debug|Any CPU
		{F9B563DC-F17F-498B-BC29-DB9FDB808008}.Debug|Any CPU.Build.0 = Debug|Any CPU
		{F9B563DC-F17F-498B-BC29-DB9FDB808008}.Release|Any CPU.ActiveCfg = Release|Any CPU
		{F9B563DC-F17F-498B-BC29-DB9FDB808008}.Release|Any CPU.Build.0 = Release|Any CPU
		{952E29B1-2269-4FCF-8160-07830770E088}.Debug|Any CPU.ActiveCfg = Debug|Any CPU
		{952E29B1-2269-4FCF-8160-07830770E088}.Debug|Any CPU.Build.0 = Debug|Any CPU
		{952E29B1-2269-4FCF-8160-07830770E088}.Release|Any CPU.ActiveCfg = Release|Any CPU
		{952E29B1-2269-4FCF-8160-07830770E088}.Release|Any CPU.Build.0 = Release|Any CPU
		{725867D4-D170-4A1A-A419-4B1550381688}.Debug|Any CPU.ActiveCfg = Debug|Any CPU
		{725867D4-D170-4A1A-A419-4B1550381688}.Debug|Any CPU.Build.0 = Debug|Any CPU
		{725867D4-D170-4A1A-A419-4B1550381688}.Release|Any CPU.ActiveCfg = Release|Any CPU
		{725867D4-D170-4A1A-A419-4B1550381688}.Release|Any CPU.Build.0 = Release|Any CPU
	EndGlobalSection
	GlobalSection(SolutionProperties) = preSolution
		HideSolutionNode = FALSE
	EndGlobalSection
	GlobalSection(ExtensibilityGlobals) = postSolution
		SolutionGuid = {056C8E47-5A64-4E5E-B717-460C15AAF0D5}
	EndGlobalSection
EndGlobal
