
Microsoft Visual Studio Solution File, Format Version 12.00
# Visual Studio 15
VisualStudioVersion = 15.0.27004.2010
MinimumVisualStudioVersion = 10.0.40219.1
Project("{9A19103F-16F7-4668-BE54-9A1E7A4F7556}") = "1 - Brewing Coffee", "1 - Brewing Coffee\1 - Brewing Coffee.csproj", "{AFE54BDF-98D2-43BA-8F25-0969260F375C}"
EndProject
Project("{9A19103F-16F7-4668-BE54-9A1E7A4F7556}") = "Utility", "Utility\Utility.csproj", "{CA9828BD-B0C1-496A-8010-A0A8D92E3B1F}"
EndProject
Project("{9A19103F-16F7-4668-BE54-9A1E7A4F7556}") = "2 - Adding Flyweights", "2 - Adding Flyweights\2 - Adding Flyweights.csproj", "{FCDA5DFE-F934-40A1-9C7B-C69D99D59954}"
EndProject
Project("{9A19103F-16F7-4668-BE54-9A1E7A4F7556}") = "4 - String Interning", "4 - String Interning\4 - String Interning.csproj", "{3796A413-F0D5-4BD6-A590-0F13A0A10A1A}"
EndProject
Global
	GlobalSection(SolutionConfigurationPlatforms) = preSolution
		Debug|Any CPU = Debug|Any CPU
		Release|Any CPU = Release|Any CPU
	EndGlobalSection
	GlobalSection(ProjectConfigurationPlatforms) = postSolution
		{AFE54BDF-98D2-43BA-8F25-0969260F375C}.Debug|Any CPU.ActiveCfg = Debug|Any CPU
		{AFE54BDF-98D2-43BA-8F25-0969260F375C}.Debug|Any CPU.Build.0 = Debug|Any CPU
		{AFE54BDF-98D2-43BA-8F25-0969260F375C}.Release|Any CPU.ActiveCfg = Release|Any CPU
		{AFE54BDF-98D2-43BA-8F25-0969260F375C}.Release|Any CPU.Build.0 = Release|Any CPU
		{CA9828BD-B0C1-496A-8010-A0A8D92E3B1F}.Debug|Any CPU.ActiveCfg = Debug|Any CPU
		{CA9828BD-B0C1-496A-8010-A0A8D92E3B1F}.Debug|Any CPU.Build.0 = Debug|Any CPU
		{CA9828BD-B0C1-496A-8010-A0A8D92E3B1F}.Release|Any CPU.ActiveCfg = Release|Any CPU
		{CA9828BD-B0C1-496A-8010-A0A8D92E3B1F}.Release|Any CPU.Build.0 = Release|Any CPU
		{FCDA5DFE-F934-40A1-9C7B-C69D99D59954}.Debug|Any CPU.ActiveCfg = Debug|Any CPU
		{FCDA5DFE-F934-40A1-9C7B-C69D99D59954}.Debug|Any CPU.Build.0 = Debug|Any CPU
		{FCDA5DFE-F934-40A1-9C7B-C69D99D59954}.Release|Any CPU.ActiveCfg = Release|Any CPU
		{FCDA5DFE-F934-40A1-9C7B-C69D99D59954}.Release|Any CPU.Build.0 = Release|Any CPU
		{3796A413-F0D5-4BD6-A590-0F13A0A10A1A}.Debug|Any CPU.ActiveCfg = Debug|Any CPU
		{3796A413-F0D5-4BD6-A590-0F13A0A10A1A}.Debug|Any CPU.Build.0 = Debug|Any CPU
		{3796A413-F0D5-4BD6-A590-0F13A0A10A1A}.Release|Any CPU.ActiveCfg = Release|Any CPU
		{3796A413-F0D5-4BD6-A590-0F13A0A10A1A}.Release|Any CPU.Build.0 = Release|Any CPU
	EndGlobalSection
	GlobalSection(SolutionProperties) = preSolution
		HideSolutionNode = FALSE
	EndGlobalSection
	GlobalSection(ExtensibilityGlobals) = postSolution
		SolutionGuid = {A170534E-CBA7-4836-9105-FA48C84629B6}
	EndGlobalSection
EndGlobal
