
Microsoft Visual Studio Solution File, Format Version 12.00
# Visual Studio 15
VisualStudioVersion = 15.0.27004.2010
MinimumVisualStudioVersion = 10.0.40219.1
Project("{FAE04EC0-301F-11D3-BF4B-00C04F79EFBC}") = "InADifferentLight", "InADifferentLight\InADifferentLight.csproj", "{A8CD3D5C-FC49-4AAB-B1EB-E5BE10E0ADEE}"
EndProject
Global
	GlobalSection(SolutionConfigurationPlatforms) = preSolution
		Debug|Any CPU = Debug|Any CPU
		Release|Any CPU = Release|Any CPU
	EndGlobalSection
	GlobalSection(ProjectConfigurationPlatforms) = postSolution
		{A8CD3D5C-FC49-4AAB-B1EB-E5BE10E0ADEE}.Debug|Any CPU.ActiveCfg = Debug|Any CPU
		{A8CD3D5C-FC49-4AAB-B1EB-E5BE10E0ADEE}.Debug|Any CPU.Build.0 = Debug|Any CPU
		{A8CD3D5C-FC49-4AAB-B1EB-E5BE10E0ADEE}.Release|Any CPU.ActiveCfg = Release|Any CPU
		{A8CD3D5C-FC49-4AAB-B1EB-E5BE10E0ADEE}.Release|Any CPU.Build.0 = Release|Any CPU
	EndGlobalSection
	GlobalSection(SolutionProperties) = preSolution
		HideSolutionNode = FALSE
	EndGlobalSection
	GlobalSection(ExtensibilityGlobals) = postSolution
		SolutionGuid = {A0C90390-E359-4513-8450-0967962A1198}
	EndGlobalSection
EndGlobal
