
Microsoft Visual Studio Solution File, Format Version 12.00
# Visual Studio Version 16
VisualStudioVersion = 16.0.30503.244
MinimumVisualStudioVersion = 10.0.40219.1
Project("{9A19103F-16F7-4668-BE54-9A1E7A4F7556}") = "30 - IAsyncEnumerable Before", "30 - IAsyncEnumerable Before\30 - IAsyncEnumerable Before.csproj", "{F4C894F2-AF9B-4B42-B5BA-3A0805C30347}"
EndProject
Project("{9A19103F-16F7-4668-BE54-9A1E7A4F7556}") = "30 - IAsyncEnumerable Complete", "30 - IAsyncEnumerable Complete\30 - IAsyncEnumerable Complete.csproj", "{093CC8CB-D14E-4C4C-8007-7E99EB2D8483}"
EndProject
Global
	GlobalSection(SolutionConfigurationPlatforms) = preSolution
		Debug|Any CPU = Debug|Any CPU
		Release|Any CPU = Release|Any CPU
	EndGlobalSection
	GlobalSection(ProjectConfigurationPlatforms) = postSolution
		{55449D08-301F-48D8-B0A2-0A874134EC76}.Debug|Any CPU.ActiveCfg = Debug|Any CPU
		{55449D08-301F-48D8-B0A2-0A874134EC76}.Debug|Any CPU.Build.0 = Debug|Any CPU
		{55449D08-301F-48D8-B0A2-0A874134EC76}.Release|Any CPU.ActiveCfg = Release|Any CPU
		{55449D08-301F-48D8-B0A2-0A874134EC76}.Release|Any CPU.Build.0 = Release|Any CPU
		{68719FF5-04E9-4E84-85F5-150B6C508ECD}.Debug|Any CPU.ActiveCfg = Debug|Any CPU
		{68719FF5-04E9-4E84-85F5-150B6C508ECD}.Debug|Any CPU.Build.0 = Debug|Any CPU
		{68719FF5-04E9-4E84-85F5-150B6C508ECD}.Release|Any CPU.ActiveCfg = Release|Any CPU
		{68719FF5-04E9-4E84-85F5-150B6C508ECD}.Release|Any CPU.Build.0 = Release|Any CPU
		{C6F4BF03-8EE4-42D6-B853-3B50CB817810}.Debug|Any CPU.ActiveCfg = Debug|Any CPU
		{C6F4BF03-8EE4-42D6-B853-3B50CB817810}.Debug|Any CPU.Build.0 = Debug|Any CPU
		{C6F4BF03-8EE4-42D6-B853-3B50CB817810}.Release|Any CPU.ActiveCfg = Release|Any CPU
		{C6F4BF03-8EE4-42D6-B853-3B50CB817810}.Release|Any CPU.Build.0 = Release|Any CPU
		{A1AC9A32-3843-4049-B39D-12D96D9AD6E6}.Debug|Any CPU.ActiveCfg = Debug|Any CPU
		{A1AC9A32-3843-4049-B39D-12D96D9AD6E6}.Debug|Any CPU.Build.0 = Debug|Any CPU
		{A1AC9A32-3843-4049-B39D-12D96D9AD6E6}.Release|Any CPU.ActiveCfg = Release|Any CPU
		{A1AC9A32-3843-4049-B39D-12D96D9AD6E6}.Release|Any CPU.Build.0 = Release|Any CPU
		{DBEFEC65-84A2-4E34-B075-B734FA5DC93F}.Debug|Any CPU.ActiveCfg = Debug|Any CPU
		{DBEFEC65-84A2-4E34-B075-B734FA5DC93F}.Debug|Any CPU.Build.0 = Debug|Any CPU
		{DBEFEC65-84A2-4E34-B075-B734FA5DC93F}.Release|Any CPU.ActiveCfg = Release|Any CPU
		{DBEFEC65-84A2-4E34-B075-B734FA5DC93F}.Release|Any CPU.Build.0 = Release|Any CPU
		{17859518-A35F-4803-8DFB-CCF2BA665DED}.Debug|Any CPU.ActiveCfg = Debug|Any CPU
		{17859518-A35F-4803-8DFB-CCF2BA665DED}.Debug|Any CPU.Build.0 = Debug|Any CPU
		{17859518-A35F-4803-8DFB-CCF2BA665DED}.Release|Any CPU.ActiveCfg = Release|Any CPU
		{17859518-A35F-4803-8DFB-CCF2BA665DED}.Release|Any CPU.Build.0 = Release|Any CPU
		{B3FAD156-1E93-4395-B459-1CDC13F47281}.Debug|Any CPU.ActiveCfg = Debug|Any CPU
		{B3FAD156-1E93-4395-B459-1CDC13F47281}.Debug|Any CPU.Build.0 = Debug|Any CPU
		{B3FAD156-1E93-4395-B459-1CDC13F47281}.Release|Any CPU.ActiveCfg = Release|Any CPU
		{B3FAD156-1E93-4395-B459-1CDC13F47281}.Release|Any CPU.Build.0 = Release|Any CPU
		{BD7A17D5-EEE2-4651-943B-43F06712F6DB}.Debug|Any CPU.ActiveCfg = Debug|Any CPU
		{BD7A17D5-EEE2-4651-943B-43F06712F6DB}.Debug|Any CPU.Build.0 = Debug|Any CPU
		{BD7A17D5-EEE2-4651-943B-43F06712F6DB}.Release|Any CPU.ActiveCfg = Release|Any CPU
		{BD7A17D5-EEE2-4651-943B-43F06712F6DB}.Release|Any CPU.Build.0 = Release|Any CPU
		{5C8E176B-BAA6-4603-A13D-45DE70D91DAA}.Debug|Any CPU.ActiveCfg = Debug|Any CPU
		{5C8E176B-BAA6-4603-A13D-45DE70D91DAA}.Debug|Any CPU.Build.0 = Debug|Any CPU
		{5C8E176B-BAA6-4603-A13D-45DE70D91DAA}.Release|Any CPU.ActiveCfg = Release|Any CPU
		{5C8E176B-BAA6-4603-A13D-45DE70D91DAA}.Release|Any CPU.Build.0 = Release|Any CPU
		{13828667-1F0B-4C77-90E0-347281F347FC}.Debug|Any CPU.ActiveCfg = Debug|Any CPU
		{13828667-1F0B-4C77-90E0-347281F347FC}.Debug|Any CPU.Build.0 = Debug|Any CPU
		{13828667-1F0B-4C77-90E0-347281F347FC}.Release|Any CPU.ActiveCfg = Release|Any CPU
		{13828667-1F0B-4C77-90E0-347281F347FC}.Release|Any CPU.Build.0 = Release|Any CPU
		{79B8ACDE-869B-4390-A8F3-CB1147A45FEE}.Debug|Any CPU.ActiveCfg = Debug|Any CPU
		{79B8ACDE-869B-4390-A8F3-CB1147A45FEE}.Debug|Any CPU.Build.0 = Debug|Any CPU
		{79B8ACDE-869B-4390-A8F3-CB1147A45FEE}.Release|Any CPU.ActiveCfg = Release|Any CPU
		{79B8ACDE-869B-4390-A8F3-CB1147A45FEE}.Release|Any CPU.Build.0 = Release|Any CPU
		{6F38C8C6-F278-43F4-A690-168E2F05F376}.Debug|Any CPU.ActiveCfg = Debug|Any CPU
		{6F38C8C6-F278-43F4-A690-168E2F05F376}.Debug|Any CPU.Build.0 = Debug|Any CPU
		{6F38C8C6-F278-43F4-A690-168E2F05F376}.Release|Any CPU.ActiveCfg = Release|Any CPU
		{6F38C8C6-F278-43F4-A690-168E2F05F376}.Release|Any CPU.Build.0 = Release|Any CPU
		{3ED1CA2C-64AE-4B19-B6DB-CB61936EE676}.Debug|Any CPU.ActiveCfg = Debug|Any CPU
		{3ED1CA2C-64AE-4B19-B6DB-CB61936EE676}.Debug|Any CPU.Build.0 = Debug|Any CPU
		{3ED1CA2C-64AE-4B19-B6DB-CB61936EE676}.Release|Any CPU.ActiveCfg = Release|Any CPU
		{3ED1CA2C-64AE-4B19-B6DB-CB61936EE676}.Release|Any CPU.Build.0 = Release|Any CPU
		{4EF1F3FA-07D8-44EB-ABB2-A93D8CD10CDC}.Debug|Any CPU.ActiveCfg = Debug|Any CPU
		{4EF1F3FA-07D8-44EB-ABB2-A93D8CD10CDC}.Debug|Any CPU.Build.0 = Debug|Any CPU
		{4EF1F3FA-07D8-44EB-ABB2-A93D8CD10CDC}.Release|Any CPU.ActiveCfg = Release|Any CPU
		{4EF1F3FA-07D8-44EB-ABB2-A93D8CD10CDC}.Release|Any CPU.Build.0 = Release|Any CPU
		{1A6A0107-CCBA-4275-A884-FDEA10C93DD9}.Debug|Any CPU.ActiveCfg = Debug|Any CPU
		{1A6A0107-CCBA-4275-A884-FDEA10C93DD9}.Debug|Any CPU.Build.0 = Debug|Any CPU
		{1A6A0107-CCBA-4275-A884-FDEA10C93DD9}.Release|Any CPU.ActiveCfg = Release|Any CPU
		{1A6A0107-CCBA-4275-A884-FDEA10C93DD9}.Release|Any CPU.Build.0 = Release|Any CPU
		{0E44AC04-19B7-42A2-909F-D0A198029DBF}.Debug|Any CPU.ActiveCfg = Debug|Any CPU
		{0E44AC04-19B7-42A2-909F-D0A198029DBF}.Debug|Any CPU.Build.0 = Debug|Any CPU
		{0E44AC04-19B7-42A2-909F-D0A198029DBF}.Release|Any CPU.ActiveCfg = Release|Any CPU
		{0E44AC04-19B7-42A2-909F-D0A198029DBF}.Release|Any CPU.Build.0 = Release|Any CPU
		{F4C894F2-AF9B-4B42-B5BA-3A0805C30347}.Debug|Any CPU.ActiveCfg = Debug|Any CPU
		{F4C894F2-AF9B-4B42-B5BA-3A0805C30347}.Debug|Any CPU.Build.0 = Debug|Any CPU
		{F4C894F2-AF9B-4B42-B5BA-3A0805C30347}.Release|Any CPU.ActiveCfg = Release|Any CPU
		{F4C894F2-AF9B-4B42-B5BA-3A0805C30347}.Release|Any CPU.Build.0 = Release|Any CPU
		{093CC8CB-D14E-4C4C-8007-7E99EB2D8483}.Debug|Any CPU.ActiveCfg = Debug|Any CPU
		{093CC8CB-D14E-4C4C-8007-7E99EB2D8483}.Debug|Any CPU.Build.0 = Debug|Any CPU
		{093CC8CB-D14E-4C4C-8007-7E99EB2D8483}.Release|Any CPU.ActiveCfg = Release|Any CPU
		{093CC8CB-D14E-4C4C-8007-7E99EB2D8483}.Release|Any CPU.Build.0 = Release|Any CPU
		{1CF9003B-B700-490F-9396-14D2DBEED839}.Debug|Any CPU.ActiveCfg = Debug|Any CPU
		{1CF9003B-B700-490F-9396-14D2DBEED839}.Debug|Any CPU.Build.0 = Debug|Any CPU
		{1CF9003B-B700-490F-9396-14D2DBEED839}.Release|Any CPU.ActiveCfg = Release|Any CPU
		{1CF9003B-B700-490F-9396-14D2DBEED839}.Release|Any CPU.Build.0 = Release|Any CPU
		{2A87BFF4-1AE5-4615-8FF3-6C03A73EA053}.Debug|Any CPU.ActiveCfg = Debug|Any CPU
		{2A87BFF4-1AE5-4615-8FF3-6C03A73EA053}.Debug|Any CPU.Build.0 = Debug|Any CPU
		{2A87BFF4-1AE5-4615-8FF3-6C03A73EA053}.Release|Any CPU.ActiveCfg = Release|Any CPU
		{2A87BFF4-1AE5-4615-8FF3-6C03A73EA053}.Release|Any CPU.Build.0 = Release|Any CPU
		{A8364C3B-A0D2-4477-8B02-0BF757491678}.Debug|Any CPU.ActiveCfg = Debug|Any CPU
		{A8364C3B-A0D2-4477-8B02-0BF757491678}.Debug|Any CPU.Build.0 = Debug|Any CPU
		{A8364C3B-A0D2-4477-8B02-0BF757491678}.Release|Any CPU.ActiveCfg = Release|Any CPU
		{A8364C3B-A0D2-4477-8B02-0BF757491678}.Release|Any CPU.Build.0 = Release|Any CPU
		{CF3E73B6-3559-4611-93E8-D1D08FE39F99}.Debug|Any CPU.ActiveCfg = Debug|Any CPU
		{CF3E73B6-3559-4611-93E8-D1D08FE39F99}.Debug|Any CPU.Build.0 = Debug|Any CPU
		{CF3E73B6-3559-4611-93E8-D1D08FE39F99}.Release|Any CPU.ActiveCfg = Release|Any CPU
		{CF3E73B6-3559-4611-93E8-D1D08FE39F99}.Release|Any CPU.Build.0 = Release|Any CPU
		{4D67F71C-77FA-43B0-A700-C70B02B11991}.Debug|Any CPU.ActiveCfg = Debug|Any CPU
		{4D67F71C-77FA-43B0-A700-C70B02B11991}.Debug|Any CPU.Build.0 = Debug|Any CPU
		{4D67F71C-77FA-43B0-A700-C70B02B11991}.Release|Any CPU.ActiveCfg = Release|Any CPU
		{4D67F71C-77FA-43B0-A700-C70B02B11991}.Release|Any CPU.Build.0 = Release|Any CPU
		{84AADCD5-2A1F-46FA-9C8E-F8763AA4E949}.Debug|Any CPU.ActiveCfg = Debug|Any CPU
		{84AADCD5-2A1F-46FA-9C8E-F8763AA4E949}.Debug|Any CPU.Build.0 = Debug|Any CPU
		{84AADCD5-2A1F-46FA-9C8E-F8763AA4E949}.Release|Any CPU.ActiveCfg = Release|Any CPU
		{84AADCD5-2A1F-46FA-9C8E-F8763AA4E949}.Release|Any CPU.Build.0 = Release|Any CPU
		{3617FE28-E064-46EE-90C9-DCA92779A82A}.Debug|Any CPU.ActiveCfg = Debug|Any CPU
		{3617FE28-E064-46EE-90C9-DCA92779A82A}.Debug|Any CPU.Build.0 = Debug|Any CPU
		{3617FE28-E064-46EE-90C9-DCA92779A82A}.Release|Any CPU.ActiveCfg = Release|Any CPU
		{3617FE28-E064-46EE-90C9-DCA92779A82A}.Release|Any CPU.Build.0 = Release|Any CPU
		{55ABCB9A-C1DD-4B33-ABC0-A18FEDEBC53D}.Debug|Any CPU.ActiveCfg = Debug|Any CPU
		{55ABCB9A-C1DD-4B33-ABC0-A18FEDEBC53D}.Debug|Any CPU.Build.0 = Debug|Any CPU
		{55ABCB9A-C1DD-4B33-ABC0-A18FEDEBC53D}.Release|Any CPU.ActiveCfg = Release|Any CPU
		{55ABCB9A-C1DD-4B33-ABC0-A18FEDEBC53D}.Release|Any CPU.Build.0 = Release|Any CPU
		{481D794E-DAC1-4888-94D4-B3D323D4BEEF}.Debug|Any CPU.ActiveCfg = Debug|Any CPU
		{481D794E-DAC1-4888-94D4-B3D323D4BEEF}.Debug|Any CPU.Build.0 = Debug|Any CPU
		{481D794E-DAC1-4888-94D4-B3D323D4BEEF}.Release|Any CPU.ActiveCfg = Release|Any CPU
		{481D794E-DAC1-4888-94D4-B3D323D4BEEF}.Release|Any CPU.Build.0 = Release|Any CPU
		{C274F495-A3E9-4B2C-8A6B-9FFCFE9B022B}.Debug|Any CPU.ActiveCfg = Debug|Any CPU
		{C274F495-A3E9-4B2C-8A6B-9FFCFE9B022B}.Debug|Any CPU.Build.0 = Debug|Any CPU
		{C274F495-A3E9-4B2C-8A6B-9FFCFE9B022B}.Release|Any CPU.ActiveCfg = Release|Any CPU
		{C274F495-A3E9-4B2C-8A6B-9FFCFE9B022B}.Release|Any CPU.Build.0 = Release|Any CPU
		{44C3F620-4261-4AC6-9A1E-C2ECA730FEAF}.Debug|Any CPU.ActiveCfg = Debug|Any CPU
		{44C3F620-4261-4AC6-9A1E-C2ECA730FEAF}.Debug|Any CPU.Build.0 = Debug|Any CPU
		{44C3F620-4261-4AC6-9A1E-C2ECA730FEAF}.Release|Any CPU.ActiveCfg = Release|Any CPU
		{44C3F620-4261-4AC6-9A1E-C2ECA730FEAF}.Release|Any CPU.Build.0 = Release|Any CPU
	EndGlobalSection
	GlobalSection(SolutionProperties) = preSolution
		HideSolutionNode = FALSE
	EndGlobalSection
	GlobalSection(ExtensibilityGlobals) = postSolution
		SolutionGuid = {E16B070C-FB94-4CE1-A20B-B194F2F6EF28}
	EndGlobalSection
EndGlobal
