
Microsoft Visual Studio Solution File, Format Version 12.00
# Visual Studio 15
VisualStudioVersion = 15.0.27004.2009
MinimumVisualStudioVersion = 10.0.40219.1
Project("{FAE04EC0-301F-11D3-BF4B-00C04F79EFBC}") = "WritingConsoleLogs", "WritingConsoleLogs\WritingConsoleLogs.csproj", "{43B45967-8DF9-4EBC-BDB5-0F4937656DD5}"
EndProject
Global
	GlobalSection(SolutionConfigurationPlatforms) = preSolution
		Debug|Any CPU = Debug|Any CPU
		Release|Any CPU = Release|Any CPU
	EndGlobalSection
	GlobalSection(ProjectConfigurationPlatforms) = postSolution
		{43B45967-8DF9-4EBC-BDB5-0F4937656DD5}.Debug|Any CPU.ActiveCfg = Debug|Any CPU
		{43B45967-8DF9-4EBC-BDB5-0F4937656DD5}.Debug|Any CPU.Build.0 = Debug|Any CPU
		{43B45967-8DF9-4EBC-BDB5-0F4937656DD5}.Release|Any CPU.ActiveCfg = Release|Any CPU
		{43B45967-8DF9-4EBC-BDB5-0F4937656DD5}.Release|Any CPU.Build.0 = Release|Any CPU
	EndGlobalSection
	GlobalSection(SolutionProperties) = preSolution
		HideSolutionNode = FALSE
	EndGlobalSection
	GlobalSection(ExtensibilityGlobals) = postSolution
		SolutionGuid = {42717C11-C24C-44AC-85B1-174252D04D6A}
	EndGlobalSection
EndGlobal
