
Microsoft Visual Studio Solution File, Format Version 12.00
# Visual Studio 15
VisualStudioVersion = 15.0.27004.2010
MinimumVisualStudioVersion = 10.0.40219.1
Project("{9A19103F-16F7-4668-BE54-9A1E7A4F7556}") = "BrewingCoffee", "BrewingCoffee\BrewingCoffee.csproj", "{8DFA26C4-5F50-4FAF-86EB-3009ED012F8D}"
EndProject
Project("{FAE04EC0-301F-11D3-BF4B-00C04F79EFBC}") = "BrewingCoffee.Test", "BrewingCoffee.Test\BrewingCoffee.Test.csproj", "{5B2AA02E-D7C9-449B-8435-394008105F5F}"
EndProject
Global
	GlobalSection(SolutionConfigurationPlatforms) = preSolution
		Debug|Any CPU = Debug|Any CPU
		Release|Any CPU = Release|Any CPU
	EndGlobalSection
	GlobalSection(ProjectConfigurationPlatforms) = postSolution
		{8DFA26C4-5F50-4FAF-86EB-3009ED012F8D}.Debug|Any CPU.ActiveCfg = Debug|Any CPU
		{8DFA26C4-5F50-4FAF-86EB-3009ED012F8D}.Debug|Any CPU.Build.0 = Debug|Any CPU
		{8DFA26C4-5F50-4FAF-86EB-3009ED012F8D}.Release|Any CPU.ActiveCfg = Release|Any CPU
		{8DFA26C4-5F50-4FAF-86EB-3009ED012F8D}.Release|Any CPU.Build.0 = Release|Any CPU
		{5B2AA02E-D7C9-449B-8435-394008105F5F}.Debug|Any CPU.ActiveCfg = Debug|Any CPU
		{5B2AA02E-D7C9-449B-8435-394008105F5F}.Debug|Any CPU.Build.0 = Debug|Any CPU
		{5B2AA02E-D7C9-449B-8435-394008105F5F}.Release|Any CPU.ActiveCfg = Release|Any CPU
		{5B2AA02E-D7C9-449B-8435-394008105F5F}.Release|Any CPU.Build.0 = Release|Any CPU
	EndGlobalSection
	GlobalSection(SolutionProperties) = preSolution
		HideSolutionNode = FALSE
	EndGlobalSection
	GlobalSection(ExtensibilityGlobals) = postSolution
		SolutionGuid = {A32E9303-95C9-4D49-A852-5A23D692A3A1}
	EndGlobalSection
EndGlobal
